
Microsoft Visual Studio Solution File, Format Version 12.00
# Visual Studio 15
VisualStudioVersion = 15.0.28307.421
MinimumVisualStudioVersion = 10.0.40219.1
Project("{FAE04EC0-301F-11D3-BF4B-00C04F79EFBC}") = "OtakuNaming", "OtakuNaming\OtakuNaming.csproj", "{22C251C1-8645-46CC-BEB4-0C6683A4AC66}"
EndProject
Global
	GlobalSection(SolutionConfigurationPlatforms) = preSolution
		Debug|Any CPU = Debug|Any CPU
		Release|Any CPU = Release|Any CPU
	EndGlobalSection
	GlobalSection(ProjectConfigurationPlatforms) = postSolution
		{22C251C1-8645-46CC-BEB4-0C6683A4AC66}.Debug|Any CPU.ActiveCfg = Debug|Any CPU
		{22C251C1-8645-46CC-BEB4-0C6683A4AC66}.Debug|Any CPU.Build.0 = Debug|Any CPU
		{22C251C1-8645-46CC-BEB4-0C6683A4AC66}.Release|Any CPU.ActiveCfg = Release|Any CPU
		{22C251C1-8645-46CC-BEB4-0C6683A4AC66}.Release|Any CPU.Build.0 = Release|Any CPU
	EndGlobalSection
	GlobalSection(SolutionProperties) = preSolution
		HideSolutionNode = FALSE
	EndGlobalSection
	GlobalSection(ExtensibilityGlobals) = postSolution
		SolutionGuid = {2D5440FE-76F6-4253-8B5B-D74743306D59}
	EndGlobalSection
EndGlobal
